// !$*UTF8*$!
{
	archiveVersion = 1;
	classes = {
	};
	objectVersion = 55;
	objects = {

/* Begin PBXBuildFile section */
		1B1706E526A71D8F00BAFCD0 /* TimeManagementApp.swift in Sources */ = {isa = PBXBuildFile; fileRef = 1B1706E426A71D8F00BAFCD0 /* TimeManagementApp.swift */; };
		1B1706E926A71D8F00BAFCD0 /* Assets.xcassets in Resources */ = {isa = PBXBuildFile; fileRef = 1B1706E826A71D8F00BAFCD0 /* Assets.xcassets */; };
		1B1706EC26A71D8F00BAFCD0 /* Preview Assets.xcassets in Resources */ = {isa = PBXBuildFile; fileRef = 1B1706EB26A71D8F00BAFCD0 /* Preview Assets.xcassets */; };
		1B1706EE26A71D8F00BAFCD0 /* Persistence.swift in Sources */ = {isa = PBXBuildFile; fileRef = 1B1706ED26A71D8F00BAFCD0 /* Persistence.swift */; };
		1B1706F126A71D8F00BAFCD0 /* TimeManagement.xcdatamodeld in Sources */ = {isa = PBXBuildFile; fileRef = 1B1706EF26A71D8F00BAFCD0 /* TimeManagement.xcdatamodeld */; };
		1B1706FB26A71D9000BAFCD0 /* TimeManagementTests.swift in Sources */ = {isa = PBXBuildFile; fileRef = 1B1706FA26A71D9000BAFCD0 /* TimeManagementTests.swift */; };
		1B17070526A71D9000BAFCD0 /* TimeManagementUITests.swift in Sources */ = {isa = PBXBuildFile; fileRef = 1B17070426A71D9000BAFCD0 /* TimeManagementUITests.swift */; };
		1B26C16B26B972F700686F77 /* LocationCell.swift in Sources */ = {isa = PBXBuildFile; fileRef = 1B26C16A26B972F700686F77 /* LocationCell.swift */; };
		1B26C18826BAC45200686F77 /* ProfileViewModel.swift in Sources */ = {isa = PBXBuildFile; fileRef = 1B26C18726BAC45200686F77 /* ProfileViewModel.swift */; };
		1B26C18C26BAC4D200686F77 /* OnboardView.swift in Sources */ = {isa = PBXBuildFile; fileRef = 1B26C18B26BAC4D200686F77 /* OnboardView.swift */; };
		1B26C18E26BAC52100686F77 /* View+Ext.swift in Sources */ = {isa = PBXBuildFile; fileRef = 1B26C18D26BAC52100686F77 /* View+Ext.swift */; };
		1B276F9526B7291C000DE2DA /* CloudKit.framework in Frameworks */ = {isa = PBXBuildFile; fileRef = 1B276F9426B7291C000DE2DA /* CloudKit.framework */; };
		1B276F9726B72BC3000DE2DA /* Color+Ext.swift in Sources */ = {isa = PBXBuildFile; fileRef = 1B276F9626B72BC3000DE2DA /* Color+Ext.swift */; };
		1B276F9926B72C19000DE2DA /* AppTabView.swift in Sources */ = {isa = PBXBuildFile; fileRef = 1B276F9826B72C19000DE2DA /* AppTabView.swift */; };
		1B276F9B26B72C58000DE2DA /* ProfileView.swift in Sources */ = {isa = PBXBuildFile; fileRef = 1B276F9A26B72C58000DE2DA /* ProfileView.swift */; };
		1B276F9D26B72C7A000DE2DA /* ActivityForTheDayView.swift in Sources */ = {isa = PBXBuildFile; fileRef = 1B276F9C26B72C7A000DE2DA /* ActivityForTheDayView.swift */; };
		1B276F9F26B72CC0000DE2DA /* LocationDetailView.swift in Sources */ = {isa = PBXBuildFile; fileRef = 1B276F9E26B72CC0000DE2DA /* LocationDetailView.swift */; };
		1B276FA126B74552000DE2DA /* LocationListView.swift in Sources */ = {isa = PBXBuildFile; fileRef = 1B276FA026B74552000DE2DA /* LocationListView.swift */; };
		1B276FA326B766C6000DE2DA /* raeMoon.swift in Sources */ = {isa = PBXBuildFile; fileRef = 1B276FA226B766C6000DE2DA /* raeMoon.swift */; };
		1B276FA526B76D7B000DE2DA /* raeProfile.swift in Sources */ = {isa = PBXBuildFile; fileRef = 1B276FA426B76D7B000DE2DA /* raeProfile.swift */; };
		1B2AE8AD26B8214E00678DC3 /* MockData.swift in Sources */ = {isa = PBXBuildFile; fileRef = 1B2AE8AC26B8214E00678DC3 /* MockData.swift */; };
		1B2AE93A26B893E800678DC3 /* CloudKitManager.swift in Sources */ = {isa = PBXBuildFile; fileRef = 1B2AE93926B893E800678DC3 /* CloudKitManager.swift */; };
		1B2AE93C26B894C600678DC3 /* Constants.swift in Sources */ = {isa = PBXBuildFile; fileRef = 1B2AE93B26B894C600678DC3 /* Constants.swift */; };
		1B2AE93E26B898C400678DC3 /* CKRecord+Ext.swift in Sources */ = {isa = PBXBuildFile; fileRef = 1B2AE93D26B898C400678DC3 /* CKRecord+Ext.swift */; };
		1B2AE94026B89BDF00678DC3 /* AlertItem.swift in Sources */ = {isa = PBXBuildFile; fileRef = 1B2AE93F26B89BDF00678DC3 /* AlertItem.swift */; };
		1B2AE94326B8A40B00678DC3 /* ActivityForTheDayViewModel.swift in Sources */ = {isa = PBXBuildFile; fileRef = 1B2AE94226B8A40B00678DC3 /* ActivityForTheDayViewModel.swift */; };
		1B2AE94626B8ACC100678DC3 /* LocationManager.swift in Sources */ = {isa = PBXBuildFile; fileRef = 1B2AE94526B8ACC100678DC3 /* LocationManager.swift */; };
		1BB1118326DE56D8001B6DC8 /* LocationDetailViewModel.swift in Sources */ = {isa = PBXBuildFile; fileRef = 1BB1118226DE56D8001B6DC8 /* LocationDetailViewModel.swift */; };
		1BC339C726BADF1D0015D827 /* CKAsset+Ext.swift in Sources */ = {isa = PBXBuildFile; fileRef = 1BC339C626BADF1D0015D827 /* CKAsset+Ext.swift */; };
		1BC339C926BADF370015D827 /* UIImage+Ext.swift in Sources */ = {isa = PBXBuildFile; fileRef = 1BC339C826BADF370015D827 /* UIImage+Ext.swift */; };
		1BC339CB26BADF810015D827 /* raeLocation.swift in Sources */ = {isa = PBXBuildFile; fileRef = 1BC339CA26BADF810015D827 /* raeLocation.swift */; };
		1BC339CD26BADFB70015D827 /* CustomModifiers.swift in Sources */ = {isa = PBXBuildFile; fileRef = 1BC339CC26BADFB70015D827 /* CustomModifiers.swift */; };
		1BC339D126BAE0270015D827 /* PhotoPicker.swift in Sources */ = {isa = PBXBuildFile; fileRef = 1BC339D026BAE0270015D827 /* PhotoPicker.swift */; };
		1BC339D426BAE0540015D827 /* AvatarView.swift in Sources */ = {isa = PBXBuildFile; fileRef = 1BC339D326BAE0540015D827 /* AvatarView.swift */; };
		1BC339D626BAE0730015D827 /* LogoView.swift in Sources */ = {isa = PBXBuildFile; fileRef = 1BC339D526BAE0730015D827 /* LogoView.swift */; };
		1BC339D826BAE0880015D827 /* LoadingView.swift in Sources */ = {isa = PBXBuildFile; fileRef = 1BC339D726BAE0880015D827 /* LoadingView.swift */; };
		1BC339DA26BAE0B90015D827 /* XDismissButton.swift in Sources */ = {isa = PBXBuildFile; fileRef = 1BC339D926BAE0B90015D827 /* XDismissButton.swift */; };
		1BC339DC26BAE0ED0015D827 /* raeButton.swift in Sources */ = {isa = PBXBuildFile; fileRef = 1BC339DB26BAE0ED0015D827 /* raeButton.swift */; };
		1BDD056C26DE63FA00B54CA0 /* ProfileModalView.swift in Sources */ = {isa = PBXBuildFile; fileRef = 1BDD056B26DE63FA00B54CA0 /* ProfileModalView.swift */; };
		1BDD056F26E2744B00B54CA0 /* LocationListViewModel.swift in Sources */ = {isa = PBXBuildFile; fileRef = 1BDD056E26E2744B00B54CA0 /* LocationListViewModel.swift */; };
		1BDD057226E28D5B00B54CA0 /* AppTabViewModel.swift in Sources */ = {isa = PBXBuildFile; fileRef = 1BDD057126E28D5B00B54CA0 /* AppTabViewModel.swift */; };
/* End PBXBuildFile section */

/* Begin PBXContainerItemProxy section */
		1B1706F726A71D9000BAFCD0 /* PBXContainerItemProxy */ = {
			isa = PBXContainerItemProxy;
			containerPortal = 1B1706D926A71D8E00BAFCD0 /* Project object */;
			proxyType = 1;
			remoteGlobalIDString = 1B1706E026A71D8E00BAFCD0;
			remoteInfo = TimeManagement;
		};
		1B17070126A71D9000BAFCD0 /* PBXContainerItemProxy */ = {
			isa = PBXContainerItemProxy;
			containerPortal = 1B1706D926A71D8E00BAFCD0 /* Project object */;
			proxyType = 1;
			remoteGlobalIDString = 1B1706E026A71D8E00BAFCD0;
			remoteInfo = TimeManagement;
		};
/* End PBXContainerItemProxy section */

/* Begin PBXFileReference section */
		1B1706E126A71D8F00BAFCD0 /* TimeManagement.app */ = {isa = PBXFileReference; explicitFileType = wrapper.application; includeInIndex = 0; path = TimeManagement.app; sourceTree = BUILT_PRODUCTS_DIR; };
		1B1706E426A71D8F00BAFCD0 /* TimeManagementApp.swift */ = {isa = PBXFileReference; lastKnownFileType = sourcecode.swift; path = TimeManagementApp.swift; sourceTree = "<group>"; };
		1B1706E826A71D8F00BAFCD0 /* Assets.xcassets */ = {isa = PBXFileReference; lastKnownFileType = folder.assetcatalog; path = Assets.xcassets; sourceTree = "<group>"; };
		1B1706EB26A71D8F00BAFCD0 /* Preview Assets.xcassets */ = {isa = PBXFileReference; lastKnownFileType = folder.assetcatalog; path = "Preview Assets.xcassets"; sourceTree = "<group>"; };
		1B1706ED26A71D8F00BAFCD0 /* Persistence.swift */ = {isa = PBXFileReference; lastKnownFileType = sourcecode.swift; path = Persistence.swift; sourceTree = "<group>"; };
		1B1706F026A71D8F00BAFCD0 /* TimeManagement.xcdatamodel */ = {isa = PBXFileReference; lastKnownFileType = wrapper.xcdatamodel; path = TimeManagement.xcdatamodel; sourceTree = "<group>"; };
		1B1706F626A71D9000BAFCD0 /* TimeManagementTests.xctest */ = {isa = PBXFileReference; explicitFileType = wrapper.cfbundle; includeInIndex = 0; path = TimeManagementTests.xctest; sourceTree = BUILT_PRODUCTS_DIR; };
		1B1706FA26A71D9000BAFCD0 /* TimeManagementTests.swift */ = {isa = PBXFileReference; lastKnownFileType = sourcecode.swift; path = TimeManagementTests.swift; sourceTree = "<group>"; };
		1B17070026A71D9000BAFCD0 /* TimeManagementUITests.xctest */ = {isa = PBXFileReference; explicitFileType = wrapper.cfbundle; includeInIndex = 0; path = TimeManagementUITests.xctest; sourceTree = BUILT_PRODUCTS_DIR; };
		1B17070426A71D9000BAFCD0 /* TimeManagementUITests.swift */ = {isa = PBXFileReference; lastKnownFileType = sourcecode.swift; path = TimeManagementUITests.swift; sourceTree = "<group>"; };
		1B26C16A26B972F700686F77 /* LocationCell.swift */ = {isa = PBXFileReference; lastKnownFileType = sourcecode.swift; path = LocationCell.swift; sourceTree = "<group>"; };
		1B26C18726BAC45200686F77 /* ProfileViewModel.swift */ = {isa = PBXFileReference; lastKnownFileType = sourcecode.swift; path = ProfileViewModel.swift; sourceTree = "<group>"; };
		1B26C18B26BAC4D200686F77 /* OnboardView.swift */ = {isa = PBXFileReference; lastKnownFileType = sourcecode.swift; path = OnboardView.swift; sourceTree = "<group>"; };
		1B26C18D26BAC52100686F77 /* View+Ext.swift */ = {isa = PBXFileReference; lastKnownFileType = sourcecode.swift; path = "View+Ext.swift"; sourceTree = "<group>"; };
		1B276F9226B72909000DE2DA /* TimeManagement.entitlements */ = {isa = PBXFileReference; lastKnownFileType = text.plist.entitlements; path = TimeManagement.entitlements; sourceTree = "<group>"; };
		1B276F9426B7291C000DE2DA /* CloudKit.framework */ = {isa = PBXFileReference; lastKnownFileType = wrapper.framework; name = CloudKit.framework; path = System/Library/Frameworks/CloudKit.framework; sourceTree = SDKROOT; };
		1B276F9626B72BC3000DE2DA /* Color+Ext.swift */ = {isa = PBXFileReference; lastKnownFileType = sourcecode.swift; path = "Color+Ext.swift"; sourceTree = "<group>"; };
		1B276F9826B72C19000DE2DA /* AppTabView.swift */ = {isa = PBXFileReference; lastKnownFileType = sourcecode.swift; path = AppTabView.swift; sourceTree = "<group>"; };
		1B276F9A26B72C58000DE2DA /* ProfileView.swift */ = {isa = PBXFileReference; lastKnownFileType = sourcecode.swift; path = ProfileView.swift; sourceTree = "<group>"; };
		1B276F9C26B72C7A000DE2DA /* ActivityForTheDayView.swift */ = {isa = PBXFileReference; lastKnownFileType = sourcecode.swift; path = ActivityForTheDayView.swift; sourceTree = "<group>"; };
		1B276F9E26B72CC0000DE2DA /* LocationDetailView.swift */ = {isa = PBXFileReference; lastKnownFileType = sourcecode.swift; path = LocationDetailView.swift; sourceTree = "<group>"; };
		1B276FA026B74552000DE2DA /* LocationListView.swift */ = {isa = PBXFileReference; lastKnownFileType = sourcecode.swift; path = LocationListView.swift; sourceTree = "<group>"; };
		1B276FA226B766C6000DE2DA /* raeMoon.swift */ = {isa = PBXFileReference; lastKnownFileType = sourcecode.swift; path = raeMoon.swift; sourceTree = "<group>"; };
		1B276FA426B76D7B000DE2DA /* raeProfile.swift */ = {isa = PBXFileReference; lastKnownFileType = sourcecode.swift; path = raeProfile.swift; sourceTree = "<group>"; };
		1B2AE8AC26B8214E00678DC3 /* MockData.swift */ = {isa = PBXFileReference; lastKnownFileType = sourcecode.swift; path = MockData.swift; sourceTree = "<group>"; };
		1B2AE93926B893E800678DC3 /* CloudKitManager.swift */ = {isa = PBXFileReference; lastKnownFileType = sourcecode.swift; path = CloudKitManager.swift; sourceTree = "<group>"; };
		1B2AE93B26B894C600678DC3 /* Constants.swift */ = {isa = PBXFileReference; lastKnownFileType = sourcecode.swift; path = Constants.swift; sourceTree = "<group>"; };
		1B2AE93D26B898C400678DC3 /* CKRecord+Ext.swift */ = {isa = PBXFileReference; lastKnownFileType = sourcecode.swift; path = "CKRecord+Ext.swift"; sourceTree = "<group>"; };
		1B2AE93F26B89BDF00678DC3 /* AlertItem.swift */ = {isa = PBXFileReference; lastKnownFileType = sourcecode.swift; path = AlertItem.swift; sourceTree = "<group>"; };
		1B2AE94226B8A40B00678DC3 /* ActivityForTheDayViewModel.swift */ = {isa = PBXFileReference; lastKnownFileType = sourcecode.swift; path = ActivityForTheDayViewModel.swift; sourceTree = "<group>"; };
		1B2AE94526B8ACC100678DC3 /* LocationManager.swift */ = {isa = PBXFileReference; lastKnownFileType = sourcecode.swift; path = LocationManager.swift; sourceTree = "<group>"; };
		1B676CD826D80A8C00D813C7 /* Info.plist */ = {isa = PBXFileReference; lastKnownFileType = text.plist; path = Info.plist; sourceTree = "<group>"; };
		1BB1118226DE56D8001B6DC8 /* LocationDetailViewModel.swift */ = {isa = PBXFileReference; lastKnownFileType = sourcecode.swift; path = LocationDetailViewModel.swift; sourceTree = "<group>"; };
		1BC339C626BADF1D0015D827 /* CKAsset+Ext.swift */ = {isa = PBXFileReference; lastKnownFileType = sourcecode.swift; path = "CKAsset+Ext.swift"; sourceTree = "<group>"; };
		1BC339C826BADF370015D827 /* UIImage+Ext.swift */ = {isa = PBXFileReference; lastKnownFileType = sourcecode.swift; path = "UIImage+Ext.swift"; sourceTree = "<group>"; };
		1BC339CA26BADF810015D827 /* raeLocation.swift */ = {isa = PBXFileReference; lastKnownFileType = sourcecode.swift; path = raeLocation.swift; sourceTree = "<group>"; };
		1BC339CC26BADFB70015D827 /* CustomModifiers.swift */ = {isa = PBXFileReference; lastKnownFileType = sourcecode.swift; path = CustomModifiers.swift; sourceTree = "<group>"; };
		1BC339D026BAE0270015D827 /* PhotoPicker.swift */ = {isa = PBXFileReference; lastKnownFileType = sourcecode.swift; path = PhotoPicker.swift; sourceTree = "<group>"; };
		1BC339D326BAE0540015D827 /* AvatarView.swift */ = {isa = PBXFileReference; lastKnownFileType = sourcecode.swift; path = AvatarView.swift; sourceTree = "<group>"; };
		1BC339D526BAE0730015D827 /* LogoView.swift */ = {isa = PBXFileReference; lastKnownFileType = sourcecode.swift; path = LogoView.swift; sourceTree = "<group>"; };
		1BC339D726BAE0880015D827 /* LoadingView.swift */ = {isa = PBXFileReference; lastKnownFileType = sourcecode.swift; path = LoadingView.swift; sourceTree = "<group>"; };
		1BC339D926BAE0B90015D827 /* XDismissButton.swift */ = {isa = PBXFileReference; lastKnownFileType = sourcecode.swift; path = XDismissButton.swift; sourceTree = "<group>"; };
		1BC339DB26BAE0ED0015D827 /* raeButton.swift */ = {isa = PBXFileReference; lastKnownFileType = sourcecode.swift; path = raeButton.swift; sourceTree = "<group>"; };
		1BDD056B26DE63FA00B54CA0 /* ProfileModalView.swift */ = {isa = PBXFileReference; lastKnownFileType = sourcecode.swift; path = ProfileModalView.swift; sourceTree = "<group>"; };
		1BDD056E26E2744B00B54CA0 /* LocationListViewModel.swift */ = {isa = PBXFileReference; lastKnownFileType = sourcecode.swift; path = LocationListViewModel.swift; sourceTree = "<group>"; };
		1BDD057126E28D5B00B54CA0 /* AppTabViewModel.swift */ = {isa = PBXFileReference; lastKnownFileType = sourcecode.swift; path = AppTabViewModel.swift; sourceTree = "<group>"; };
/* End PBXFileReference section */

/* Begin PBXFrameworksBuildPhase section */
		1B1706DE26A71D8E00BAFCD0 /* Frameworks */ = {
			isa = PBXFrameworksBuildPhase;
			buildActionMask = 2147483647;
			files = (
				1B276F9526B7291C000DE2DA /* CloudKit.framework in Frameworks */,
			);
			runOnlyForDeploymentPostprocessing = 0;
		};
		1B1706F326A71D9000BAFCD0 /* Frameworks */ = {
			isa = PBXFrameworksBuildPhase;
			buildActionMask = 2147483647;
			files = (
			);
			runOnlyForDeploymentPostprocessing = 0;
		};
		1B1706FD26A71D9000BAFCD0 /* Frameworks */ = {
			isa = PBXFrameworksBuildPhase;
			buildActionMask = 2147483647;
			files = (
			);
			runOnlyForDeploymentPostprocessing = 0;
		};
/* End PBXFrameworksBuildPhase section */

/* Begin PBXGroup section */
		1B1706D826A71D8E00BAFCD0 = {
			isa = PBXGroup;
			children = (
				1B1706E326A71D8F00BAFCD0 /* TimeManagement */,
				1B1706F926A71D9000BAFCD0 /* TimeManagementTests */,
				1B17070326A71D9000BAFCD0 /* TimeManagementUITests */,
				1B1706E226A71D8F00BAFCD0 /* Products */,
				1B276F9326B7291C000DE2DA /* Frameworks */,
			);
			sourceTree = "<group>";
		};
		1B1706E226A71D8F00BAFCD0 /* Products */ = {
			isa = PBXGroup;
			children = (
				1B1706E126A71D8F00BAFCD0 /* TimeManagement.app */,
				1B1706F626A71D9000BAFCD0 /* TimeManagementTests.xctest */,
				1B17070026A71D9000BAFCD0 /* TimeManagementUITests.xctest */,
			);
			name = Products;
			sourceTree = "<group>";
		};
		1B1706E326A71D8F00BAFCD0 /* TimeManagement */ = {
			isa = PBXGroup;
			children = (
				1B676CD826D80A8C00D813C7 /* Info.plist */,
				1B2AE93826B893B500678DC3 /* Utilities */,
				1B2AE8AE26B829BE00678DC3 /* Model */,
				1B2AE8B026B82A3100678DC3 /* Views */,
				1B276F9226B72909000DE2DA /* TimeManagement.entitlements */,
				1B1706E426A71D8F00BAFCD0 /* TimeManagementApp.swift */,
				1B1706E826A71D8F00BAFCD0 /* Assets.xcassets */,
				1B1706ED26A71D8F00BAFCD0 /* Persistence.swift */,
				1B1706EF26A71D8F00BAFCD0 /* TimeManagement.xcdatamodeld */,
				1B1706EA26A71D8F00BAFCD0 /* Preview Content */,
			);
			path = TimeManagement;
			sourceTree = "<group>";
		};
		1B1706EA26A71D8F00BAFCD0 /* Preview Content */ = {
			isa = PBXGroup;
			children = (
				1B1706EB26A71D8F00BAFCD0 /* Preview Assets.xcassets */,
			);
			path = "Preview Content";
			sourceTree = "<group>";
		};
		1B1706F926A71D9000BAFCD0 /* TimeManagementTests */ = {
			isa = PBXGroup;
			children = (
				1B1706FA26A71D9000BAFCD0 /* TimeManagementTests.swift */,
			);
			path = TimeManagementTests;
			sourceTree = "<group>";
		};
		1B17070326A71D9000BAFCD0 /* TimeManagementUITests */ = {
			isa = PBXGroup;
			children = (
				1B17070426A71D9000BAFCD0 /* TimeManagementUITests.swift */,
			);
			path = TimeManagementUITests;
			sourceTree = "<group>";
		};
		1B26C18626BAC43400686F77 /* ProfileVIew */ = {
			isa = PBXGroup;
			children = (
				1B26C18726BAC45200686F77 /* ProfileViewModel.swift */,
				1B276F9A26B72C58000DE2DA /* ProfileView.swift */,
			);
			path = ProfileVIew;
			sourceTree = "<group>";
		};
		1B276F9326B7291C000DE2DA /* Frameworks */ = {
			isa = PBXGroup;
			children = (
				1B276F9426B7291C000DE2DA /* CloudKit.framework */,
			);
			name = Frameworks;
			sourceTree = "<group>";
		};
		1B2AE8AE26B829BE00678DC3 /* Model */ = {
			isa = PBXGroup;
			children = (
				1BC339CA26BADF810015D827 /* raeLocation.swift */,
				1B276FA226B766C6000DE2DA /* raeMoon.swift */,
				1B276FA426B76D7B000DE2DA /* raeProfile.swift */,
				1B2AE8AC26B8214E00678DC3 /* MockData.swift */,
			);
			path = Model;
			sourceTree = "<group>";
		};
		1B2AE8AF26B82A0000678DC3 /* Extensions */ = {
			isa = PBXGroup;
			children = (
				1B276F9626B72BC3000DE2DA /* Color+Ext.swift */,
				1B2AE93D26B898C400678DC3 /* CKRecord+Ext.swift */,
				1B26C18D26BAC52100686F77 /* View+Ext.swift */,
				1BC339C626BADF1D0015D827 /* CKAsset+Ext.swift */,
				1BC339C826BADF370015D827 /* UIImage+Ext.swift */,
			);
			path = Extensions;
			sourceTree = "<group>";
		};
		1B2AE8B026B82A3100678DC3 /* Views */ = {
			isa = PBXGroup;
			children = (
				1BC339CC26BADFB70015D827 /* CustomModifiers.swift */,
				1BC339CE26BAE0010015D827 /* CustomViews */,
				1BC339DE26BAE17D0015D827 /* Screens */,
			);
			path = Views;
			sourceTree = "<group>";
		};
		1B2AE93826B893B500678DC3 /* Utilities */ = {
			isa = PBXGroup;
			children = (
				1B2AE94426B8ACA000678DC3 /* Managers */,
				1B2AE8AF26B82A0000678DC3 /* Extensions */,
				1B2AE93B26B894C600678DC3 /* Constants.swift */,
				1B2AE93F26B89BDF00678DC3 /* AlertItem.swift */,
			);
			path = Utilities;
			sourceTree = "<group>";
		};
		1B2AE94126B8A3B800678DC3 /* ActivityForTheDayView */ = {
			isa = PBXGroup;
			children = (
				1B2AE94226B8A40B00678DC3 /* ActivityForTheDayViewModel.swift */,
				1B276F9C26B72C7A000DE2DA /* ActivityForTheDayView.swift */,
			);
			path = ActivityForTheDayView;
			sourceTree = "<group>";
		};
		1B2AE94426B8ACA000678DC3 /* Managers */ = {
			isa = PBXGroup;
			children = (
				1B2AE93926B893E800678DC3 /* CloudKitManager.swift */,
				1B2AE94526B8ACC100678DC3 /* LocationManager.swift */,
			);
			path = Managers;
			sourceTree = "<group>";
		};
		1BB1118126DE56A6001B6DC8 /* LocationDetailView */ = {
			isa = PBXGroup;
			children = (
				1BB1118226DE56D8001B6DC8 /* LocationDetailViewModel.swift */,
				1B276F9E26B72CC0000DE2DA /* LocationDetailView.swift */,
				1BDD056B26DE63FA00B54CA0 /* ProfileModalView.swift */,
			);
			path = LocationDetailView;
			sourceTree = "<group>";
		};
		1BC339CE26BAE0010015D827 /* CustomViews */ = {
			isa = PBXGroup;
			children = (
				1BC339CF26BAE0180015D827 /* UIKit Components */,
				1BC339D226BAE03F0015D827 /* Buttons */,
				1BC339D326BAE0540015D827 /* AvatarView.swift */,
				1BC339D526BAE0730015D827 /* LogoView.swift */,
				1BC339D726BAE0880015D827 /* LoadingView.swift */,
			);
			path = CustomViews;
			sourceTree = "<group>";
		};
		1BC339CF26BAE0180015D827 /* UIKit Components */ = {
			isa = PBXGroup;
			children = (
				1BC339D026BAE0270015D827 /* PhotoPicker.swift */,
			);
			path = "UIKit Components";
			sourceTree = "<group>";
		};
		1BC339D226BAE03F0015D827 /* Buttons */ = {
			isa = PBXGroup;
			children = (
				1BC339D926BAE0B90015D827 /* XDismissButton.swift */,
				1BC339DB26BAE0ED0015D827 /* raeButton.swift */,
			);
			path = Buttons;
			sourceTree = "<group>";
		};
		1BC339DE26BAE17D0015D827 /* Screens */ = {
			isa = PBXGroup;
			children = (
				1BDD057026E28D4400B54CA0 /* AppTabView */,
				1BDD056D26E273E500B54CA0 /* LocationListView */,
				1BB1118126DE56A6001B6DC8 /* LocationDetailView */,
				1B26C18626BAC43400686F77 /* ProfileVIew */,
				1B2AE94126B8A3B800678DC3 /* ActivityForTheDayView */,
				1B26C18B26BAC4D200686F77 /* OnboardView.swift */,
			);
			path = Screens;
			sourceTree = "<group>";
		};
		1BDD056D26E273E500B54CA0 /* LocationListView */ = {
			isa = PBXGroup;
			children = (
				1BDD056E26E2744B00B54CA0 /* LocationListViewModel.swift */,
				1B276FA026B74552000DE2DA /* LocationListView.swift */,
				1B26C16A26B972F700686F77 /* LocationCell.swift */,
			);
			path = LocationListView;
			sourceTree = "<group>";
		};
		1BDD057026E28D4400B54CA0 /* AppTabView */ = {
			isa = PBXGroup;
			children = (
				1BDD057126E28D5B00B54CA0 /* AppTabViewModel.swift */,
				1B276F9826B72C19000DE2DA /* AppTabView.swift */,
			);
			path = AppTabView;
			sourceTree = "<group>";
		};
/* End PBXGroup section */

/* Begin PBXNativeTarget section */
		1B1706E026A71D8E00BAFCD0 /* TimeManagement */ = {
			isa = PBXNativeTarget;
			buildConfigurationList = 1B17070826A71D9000BAFCD0 /* Build configuration list for PBXNativeTarget "TimeManagement" */;
			buildPhases = (
				1B1706DD26A71D8E00BAFCD0 /* Sources */,
				1B1706DE26A71D8E00BAFCD0 /* Frameworks */,
				1B1706DF26A71D8E00BAFCD0 /* Resources */,
			);
			buildRules = (
			);
			dependencies = (
			);
			name = TimeManagement;
			productName = TimeManagement;
			productReference = 1B1706E126A71D8F00BAFCD0 /* TimeManagement.app */;
			productType = "com.apple.product-type.application";
		};
		1B1706F526A71D9000BAFCD0 /* TimeManagementTests */ = {
			isa = PBXNativeTarget;
			buildConfigurationList = 1B17070B26A71D9000BAFCD0 /* Build configuration list for PBXNativeTarget "TimeManagementTests" */;
			buildPhases = (
				1B1706F226A71D9000BAFCD0 /* Sources */,
				1B1706F326A71D9000BAFCD0 /* Frameworks */,
				1B1706F426A71D9000BAFCD0 /* Resources */,
			);
			buildRules = (
			);
			dependencies = (
				1B1706F826A71D9000BAFCD0 /* PBXTargetDependency */,
			);
			name = TimeManagementTests;
			productName = TimeManagementTests;
			productReference = 1B1706F626A71D9000BAFCD0 /* TimeManagementTests.xctest */;
			productType = "com.apple.product-type.bundle.unit-test";
		};
		1B1706FF26A71D9000BAFCD0 /* TimeManagementUITests */ = {
			isa = PBXNativeTarget;
			buildConfigurationList = 1B17070E26A71D9000BAFCD0 /* Build configuration list for PBXNativeTarget "TimeManagementUITests" */;
			buildPhases = (
				1B1706FC26A71D9000BAFCD0 /* Sources */,
				1B1706FD26A71D9000BAFCD0 /* Frameworks */,
				1B1706FE26A71D9000BAFCD0 /* Resources */,
			);
			buildRules = (
			);
			dependencies = (
				1B17070226A71D9000BAFCD0 /* PBXTargetDependency */,
			);
			name = TimeManagementUITests;
			productName = TimeManagementUITests;
			productReference = 1B17070026A71D9000BAFCD0 /* TimeManagementUITests.xctest */;
			productType = "com.apple.product-type.bundle.ui-testing";
		};
/* End PBXNativeTarget section */

/* Begin PBXProject section */
		1B1706D926A71D8E00BAFCD0 /* Project object */ = {
			isa = PBXProject;
			attributes = {
				BuildIndependentTargetsInParallel = 1;
				LastSwiftUpdateCheck = 1300;
				LastUpgradeCheck = 1300;
				ORGANIZATIONNAME = "MB Consulting";
				TargetAttributes = {
					1B1706E026A71D8E00BAFCD0 = {
						CreatedOnToolsVersion = 13.0;
					};
					1B1706F526A71D9000BAFCD0 = {
						CreatedOnToolsVersion = 13.0;
						TestTargetID = 1B1706E026A71D8E00BAFCD0;
					};
					1B1706FF26A71D9000BAFCD0 = {
						CreatedOnToolsVersion = 13.0;
						TestTargetID = 1B1706E026A71D8E00BAFCD0;
					};
				};
			};
			buildConfigurationList = 1B1706DC26A71D8E00BAFCD0 /* Build configuration list for PBXProject "TimeManagement" */;
			compatibilityVersion = "Xcode 13.0";
			developmentRegion = en;
			hasScannedForEncodings = 0;
			knownRegions = (
				en,
				Base,
			);
			mainGroup = 1B1706D826A71D8E00BAFCD0;
			productRefGroup = 1B1706E226A71D8F00BAFCD0 /* Products */;
			projectDirPath = "";
			projectRoot = "";
			targets = (
				1B1706E026A71D8E00BAFCD0 /* TimeManagement */,
				1B1706F526A71D9000BAFCD0 /* TimeManagementTests */,
				1B1706FF26A71D9000BAFCD0 /* TimeManagementUITests */,
			);
		};
/* End PBXProject section */

/* Begin PBXResourcesBuildPhase section */
		1B1706DF26A71D8E00BAFCD0 /* Resources */ = {
			isa = PBXResourcesBuildPhase;
			buildActionMask = 2147483647;
			files = (
				1B1706EC26A71D8F00BAFCD0 /* Preview Assets.xcassets in Resources */,
				1B1706E926A71D8F00BAFCD0 /* Assets.xcassets in Resources */,
			);
			runOnlyForDeploymentPostprocessing = 0;
		};
		1B1706F426A71D9000BAFCD0 /* Resources */ = {
			isa = PBXResourcesBuildPhase;
			buildActionMask = 2147483647;
			files = (
			);
			runOnlyForDeploymentPostprocessing = 0;
		};
		1B1706FE26A71D9000BAFCD0 /* Resources */ = {
			isa = PBXResourcesBuildPhase;
			buildActionMask = 2147483647;
			files = (
			);
			runOnlyForDeploymentPostprocessing = 0;
		};
/* End PBXResourcesBuildPhase section */

/* Begin PBXSourcesBuildPhase section */
		1B1706DD26A71D8E00BAFCD0 /* Sources */ = {
			isa = PBXSourcesBuildPhase;
			buildActionMask = 2147483647;
			files = (
				1BDD057226E28D5B00B54CA0 /* AppTabViewModel.swift in Sources */,
				1B276F9926B72C19000DE2DA /* AppTabView.swift in Sources */,
				1BB1118326DE56D8001B6DC8 /* LocationDetailViewModel.swift in Sources */,
				1B2AE94026B89BDF00678DC3 /* AlertItem.swift in Sources */,
				1B26C18C26BAC4D200686F77 /* OnboardView.swift in Sources */,
				1B2AE8AD26B8214E00678DC3 /* MockData.swift in Sources */,
				1B1706EE26A71D8F00BAFCD0 /* Persistence.swift in Sources */,
				1BC339DA26BAE0B90015D827 /* XDismissButton.swift in Sources */,
				1B276F9D26B72C7A000DE2DA /* ActivityForTheDayView.swift in Sources */,
				1B1706E526A71D8F00BAFCD0 /* TimeManagementApp.swift in Sources */,
				1BC339CB26BADF810015D827 /* raeLocation.swift in Sources */,
				1B276FA126B74552000DE2DA /* LocationListView.swift in Sources */,
				1B2AE94326B8A40B00678DC3 /* ActivityForTheDayViewModel.swift in Sources */,
				1BC339C926BADF370015D827 /* UIImage+Ext.swift in Sources */,
				1B276FA326B766C6000DE2DA /* raeMoon.swift in Sources */,
				1B276F9F26B72CC0000DE2DA /* LocationDetailView.swift in Sources */,
				1B1706F126A71D8F00BAFCD0 /* TimeManagement.xcdatamodeld in Sources */,
				1B276F9B26B72C58000DE2DA /* ProfileView.swift in Sources */,
				1B276FA526B76D7B000DE2DA /* raeProfile.swift in Sources */,
				1B2AE93C26B894C600678DC3 /* Constants.swift in Sources */,
				1BDD056F26E2744B00B54CA0 /* LocationListViewModel.swift in Sources */,
				1B26C18826BAC45200686F77 /* ProfileViewModel.swift in Sources */,
				1BC339D626BAE0730015D827 /* LogoView.swift in Sources */,
				1B2AE94626B8ACC100678DC3 /* LocationManager.swift in Sources */,
				1B26C16B26B972F700686F77 /* LocationCell.swift in Sources */,
				1BC339D126BAE0270015D827 /* PhotoPicker.swift in Sources */,
				1B26C18E26BAC52100686F77 /* View+Ext.swift in Sources */,
				1BC339D826BAE0880015D827 /* LoadingView.swift in Sources */,
				1BC339CD26BADFB70015D827 /* CustomModifiers.swift in Sources */,
				1B276F9726B72BC3000DE2DA /* Color+Ext.swift in Sources */,
				1B2AE93A26B893E800678DC3 /* CloudKitManager.swift in Sources */,
				1B2AE93E26B898C400678DC3 /* CKRecord+Ext.swift in Sources */,
				1BDD056C26DE63FA00B54CA0 /* ProfileModalView.swift in Sources */,
				1BC339D426BAE0540015D827 /* AvatarView.swift in Sources */,
				1BC339DC26BAE0ED0015D827 /* raeButton.swift in Sources */,
				1BC339C726BADF1D0015D827 /* CKAsset+Ext.swift in Sources */,
			);
			runOnlyForDeploymentPostprocessing = 0;
		};
		1B1706F226A71D9000BAFCD0 /* Sources */ = {
			isa = PBXSourcesBuildPhase;
			buildActionMask = 2147483647;
			files = (
				1B1706FB26A71D9000BAFCD0 /* TimeManagementTests.swift in Sources */,
			);
			runOnlyForDeploymentPostprocessing = 0;
		};
		1B1706FC26A71D9000BAFCD0 /* Sources */ = {
			isa = PBXSourcesBuildPhase;
			buildActionMask = 2147483647;
			files = (
				1B17070526A71D9000BAFCD0 /* TimeManagementUITests.swift in Sources */,
			);
			runOnlyForDeploymentPostprocessing = 0;
		};
/* End PBXSourcesBuildPhase section */

/* Begin PBXTargetDependency section */
		1B1706F826A71D9000BAFCD0 /* PBXTargetDependency */ = {
			isa = PBXTargetDependency;
			target = 1B1706E026A71D8E00BAFCD0 /* TimeManagement */;
			targetProxy = 1B1706F726A71D9000BAFCD0 /* PBXContainerItemProxy */;
		};
		1B17070226A71D9000BAFCD0 /* PBXTargetDependency */ = {
			isa = PBXTargetDependency;
			target = 1B1706E026A71D8E00BAFCD0 /* TimeManagement */;
			targetProxy = 1B17070126A71D9000BAFCD0 /* PBXContainerItemProxy */;
		};
/* End PBXTargetDependency section */

/* Begin XCBuildConfiguration section */
		1B17070626A71D9000BAFCD0 /* Debug */ = {
			isa = XCBuildConfiguration;
			buildSettings = {
				ALWAYS_SEARCH_USER_PATHS = NO;
				CLANG_ANALYZER_NONNULL = YES;
				CLANG_ANALYZER_NUMBER_OBJECT_CONVERSION = YES_AGGRESSIVE;
				CLANG_CXX_LANGUAGE_STANDARD = "gnu++17";
				CLANG_CXX_LIBRARY = "libc++";
				CLANG_ENABLE_MODULES = YES;
				CLANG_ENABLE_OBJC_ARC = YES;
				CLANG_ENABLE_OBJC_WEAK = YES;
				CLANG_WARN_BLOCK_CAPTURE_AUTORELEASING = YES;
				CLANG_WARN_BOOL_CONVERSION = YES;
				CLANG_WARN_COMMA = YES;
				CLANG_WARN_CONSTANT_CONVERSION = YES;
				CLANG_WARN_DEPRECATED_OBJC_IMPLEMENTATIONS = YES;
				CLANG_WARN_DIRECT_OBJC_ISA_USAGE = YES_ERROR;
				CLANG_WARN_DOCUMENTATION_COMMENTS = YES;
				CLANG_WARN_EMPTY_BODY = YES;
				CLANG_WARN_ENUM_CONVERSION = YES;
				CLANG_WARN_INFINITE_RECURSION = YES;
				CLANG_WARN_INT_CONVERSION = YES;
				CLANG_WARN_NON_LITERAL_NULL_CONVERSION = YES;
				CLANG_WARN_OBJC_IMPLICIT_RETAIN_SELF = YES;
				CLANG_WARN_OBJC_LITERAL_CONVERSION = YES;
				CLANG_WARN_OBJC_ROOT_CLASS = YES_ERROR;
				CLANG_WARN_QUOTED_INCLUDE_IN_FRAMEWORK_HEADER = YES;
				CLANG_WARN_RANGE_LOOP_ANALYSIS = YES;
				CLANG_WARN_STRICT_PROTOTYPES = YES;
				CLANG_WARN_SUSPICIOUS_MOVE = YES;
				CLANG_WARN_UNGUARDED_AVAILABILITY = YES_AGGRESSIVE;
				CLANG_WARN_UNREACHABLE_CODE = YES;
				CLANG_WARN__DUPLICATE_METHOD_MATCH = YES;
				COPY_PHASE_STRIP = NO;
				DEBUG_INFORMATION_FORMAT = dwarf;
				ENABLE_STRICT_OBJC_MSGSEND = YES;
				ENABLE_TESTABILITY = YES;
				GCC_C_LANGUAGE_STANDARD = gnu11;
				GCC_DYNAMIC_NO_PIC = NO;
				GCC_NO_COMMON_BLOCKS = YES;
				GCC_OPTIMIZATION_LEVEL = 0;
				GCC_PREPROCESSOR_DEFINITIONS = (
					"DEBUG=1",
					"$(inherited)",
				);
				GCC_WARN_64_TO_32_BIT_CONVERSION = YES;
				GCC_WARN_ABOUT_RETURN_TYPE = YES_ERROR;
				GCC_WARN_UNDECLARED_SELECTOR = YES;
				GCC_WARN_UNINITIALIZED_AUTOS = YES_AGGRESSIVE;
				GCC_WARN_UNUSED_FUNCTION = YES;
				GCC_WARN_UNUSED_VARIABLE = YES;
				IPHONEOS_DEPLOYMENT_TARGET = 15.0;
				MTL_ENABLE_DEBUG_INFO = INCLUDE_SOURCE;
				MTL_FAST_MATH = YES;
				ONLY_ACTIVE_ARCH = YES;
				SDKROOT = iphoneos;
				SWIFT_ACTIVE_COMPILATION_CONDITIONS = DEBUG;
				SWIFT_OPTIMIZATION_LEVEL = "-Onone";
			};
			name = Debug;
		};
		1B17070726A71D9000BAFCD0 /* Release */ = {
			isa = XCBuildConfiguration;
			buildSettings = {
				ALWAYS_SEARCH_USER_PATHS = NO;
				CLANG_ANALYZER_NONNULL = YES;
				CLANG_ANALYZER_NUMBER_OBJECT_CONVERSION = YES_AGGRESSIVE;
				CLANG_CXX_LANGUAGE_STANDARD = "gnu++17";
				CLANG_CXX_LIBRARY = "libc++";
				CLANG_ENABLE_MODULES = YES;
				CLANG_ENABLE_OBJC_ARC = YES;
				CLANG_ENABLE_OBJC_WEAK = YES;
				CLANG_WARN_BLOCK_CAPTURE_AUTORELEASING = YES;
				CLANG_WARN_BOOL_CONVERSION = YES;
				CLANG_WARN_COMMA = YES;
				CLANG_WARN_CONSTANT_CONVERSION = YES;
				CLANG_WARN_DEPRECATED_OBJC_IMPLEMENTATIONS = YES;
				CLANG_WARN_DIRECT_OBJC_ISA_USAGE = YES_ERROR;
				CLANG_WARN_DOCUMENTATION_COMMENTS = YES;
				CLANG_WARN_EMPTY_BODY = YES;
				CLANG_WARN_ENUM_CONVERSION = YES;
				CLANG_WARN_INFINITE_RECURSION = YES;
				CLANG_WARN_INT_CONVERSION = YES;
				CLANG_WARN_NON_LITERAL_NULL_CONVERSION = YES;
				CLANG_WARN_OBJC_IMPLICIT_RETAIN_SELF = YES;
				CLANG_WARN_OBJC_LITERAL_CONVERSION = YES;
				CLANG_WARN_OBJC_ROOT_CLASS = YES_ERROR;
				CLANG_WARN_QUOTED_INCLUDE_IN_FRAMEWORK_HEADER = YES;
				CLANG_WARN_RANGE_LOOP_ANALYSIS = YES;
				CLANG_WARN_STRICT_PROTOTYPES = YES;
				CLANG_WARN_SUSPICIOUS_MOVE = YES;
				CLANG_WARN_UNGUARDED_AVAILABILITY = YES_AGGRESSIVE;
				CLANG_WARN_UNREACHABLE_CODE = YES;
				CLANG_WARN__DUPLICATE_METHOD_MATCH = YES;
				COPY_PHASE_STRIP = NO;
				DEBUG_INFORMATION_FORMAT = "dwarf-with-dsym";
				ENABLE_NS_ASSERTIONS = NO;
				ENABLE_STRICT_OBJC_MSGSEND = YES;
				GCC_C_LANGUAGE_STANDARD = gnu11;
				GCC_NO_COMMON_BLOCKS = YES;
				GCC_WARN_64_TO_32_BIT_CONVERSION = YES;
				GCC_WARN_ABOUT_RETURN_TYPE = YES_ERROR;
				GCC_WARN_UNDECLARED_SELECTOR = YES;
				GCC_WARN_UNINITIALIZED_AUTOS = YES_AGGRESSIVE;
				GCC_WARN_UNUSED_FUNCTION = YES;
				GCC_WARN_UNUSED_VARIABLE = YES;
				IPHONEOS_DEPLOYMENT_TARGET = 15.0;
				MTL_ENABLE_DEBUG_INFO = NO;
				MTL_FAST_MATH = YES;
				SDKROOT = iphoneos;
				SWIFT_COMPILATION_MODE = wholemodule;
				SWIFT_OPTIMIZATION_LEVEL = "-O";
				VALIDATE_PRODUCT = YES;
			};
			name = Release;
		};
		1B17070926A71D9000BAFCD0 /* Debug */ = {
			isa = XCBuildConfiguration;
			buildSettings = {
				ASSETCATALOG_COMPILER_APPICON_NAME = AppIcon;
				ASSETCATALOG_COMPILER_GLOBAL_ACCENT_COLOR_NAME = AccentColor;
				CODE_SIGN_ENTITLEMENTS = TimeManagement/TimeManagement.entitlements;
				CODE_SIGN_STYLE = Automatic;
				CURRENT_PROJECT_VERSION = 1;
				DEVELOPMENT_ASSET_PATHS = "\"TimeManagement/Preview Content\"";
				DEVELOPMENT_TEAM = JZ9G56K487;
				ENABLE_PREVIEWS = YES;
				GENERATE_INFOPLIST_FILE = YES;
				INFOPLIST_FILE = TimeManagement/Info.plist;
				INFOPLIST_KEY_NSLocationWhenInUseUsageDescription = "Rae Mindful tool for Time Management uses your location to...";
				INFOPLIST_KEY_UIApplicationSceneManifest_Generation = YES;
				INFOPLIST_KEY_UIApplicationSupportsIndirectInputEvents = YES;
				INFOPLIST_KEY_UILaunchScreen_Generation = YES;
				INFOPLIST_KEY_UISupportedInterfaceOrientations_iPad = "UIInterfaceOrientationPortrait UIInterfaceOrientationPortraitUpsideDown UIInterfaceOrientationLandscapeLeft UIInterfaceOrientationLandscapeRight";
				INFOPLIST_KEY_UISupportedInterfaceOrientations_iPhone = "UIInterfaceOrientationPortrait UIInterfaceOrientationLandscapeLeft UIInterfaceOrientationLandscapeRight";
				IPHONEOS_DEPLOYMENT_TARGET = 15.0;
				LD_RUNPATH_SEARCH_PATHS = (
					"$(inherited)",
					"@executable_path/Frameworks",
				);
				MARKETING_VERSION = 1.0;
				PRODUCT_BUNDLE_IDENTIFIER = com.melissadbain.TimeManagement;
				PRODUCT_NAME = "$(TARGET_NAME)";
				SWIFT_EMIT_LOC_STRINGS = YES;
				SWIFT_VERSION = 5.0;
				TARGETED_DEVICE_FAMILY = "1,2";
			};
			name = Debug;
		};
		1B17070A26A71D9000BAFCD0 /* Release */ = {
			isa = XCBuildConfiguration;
			buildSettings = {
				ASSETCATALOG_COMPILER_APPICON_NAME = AppIcon;
				ASSETCATALOG_COMPILER_GLOBAL_ACCENT_COLOR_NAME = AccentColor;
				CODE_SIGN_ENTITLEMENTS = TimeManagement/TimeManagement.entitlements;
				CODE_SIGN_STYLE = Automatic;
				CURRENT_PROJECT_VERSION = 1;
				DEVELOPMENT_ASSET_PATHS = "\"TimeManagement/Preview Content\"";
				DEVELOPMENT_TEAM = JZ9G56K487;
				ENABLE_PREVIEWS = YES;
				GENERATE_INFOPLIST_FILE = YES;
				INFOPLIST_FILE = TimeManagement/Info.plist;
				INFOPLIST_KEY_NSLocationWhenInUseUsageDescription = "Rae Mindful tool for Time Management uses your location to...";
				INFOPLIST_KEY_UIApplicationSceneManifest_Generation = YES;
				INFOPLIST_KEY_UIApplicationSupportsIndirectInputEvents = YES;
				INFOPLIST_KEY_UILaunchScreen_Generation = YES;
				INFOPLIST_KEY_UISupportedInterfaceOrientations_iPad = "UIInterfaceOrientationPortrait UIInterfaceOrientationPortraitUpsideDown UIInterfaceOrientationLandscapeLeft UIInterfaceOrientationLandscapeRight";
				INFOPLIST_KEY_UISupportedInterfaceOrientations_iPhone = "UIInterfaceOrientationPortrait UIInterfaceOrientationLandscapeLeft UIInterfaceOrientationLandscapeRight";
				IPHONEOS_DEPLOYMENT_TARGET = 15.0;
				LD_RUNPATH_SEARCH_PATHS = (
					"$(inherited)",
					"@executable_path/Frameworks",
				);
				MARKETING_VERSION = 1.0;
				PRODUCT_BUNDLE_IDENTIFIER = com.melissadbain.TimeManagement;
				PRODUCT_NAME = "$(TARGET_NAME)";
				SWIFT_EMIT_LOC_STRINGS = YES;
				SWIFT_VERSION = 5.0;
				TARGETED_DEVICE_FAMILY = "1,2";
			};
			name = Release;
		};
		1B17070C26A71D9000BAFCD0 /* Debug */ = {
			isa = XCBuildConfiguration;
			buildSettings = {
				ALWAYS_EMBED_SWIFT_STANDARD_LIBRARIES = YES;
				BUNDLE_LOADER = "$(TEST_HOST)";
				CODE_SIGN_STYLE = Automatic;
				CURRENT_PROJECT_VERSION = 1;
				DEVELOPMENT_TEAM = JZ9G56K487;
				GENERATE_INFOPLIST_FILE = YES;
				IPHONEOS_DEPLOYMENT_TARGET = 15.0;
				LD_RUNPATH_SEARCH_PATHS = (
					"$(inherited)",
					"@executable_path/Frameworks",
					"@loader_path/Frameworks",
				);
				MARKETING_VERSION = 1.0;
				PRODUCT_BUNDLE_IDENTIFIER = com.melissadbain.TimeManagementTests;
				PRODUCT_NAME = "$(TARGET_NAME)";
				SWIFT_EMIT_LOC_STRINGS = NO;
				SWIFT_VERSION = 5.0;
				TARGETED_DEVICE_FAMILY = "1,2";
				TEST_HOST = "$(BUILT_PRODUCTS_DIR)/TimeManagement.app/TimeManagement";
			};
			name = Debug;
		};
		1B17070D26A71D9000BAFCD0 /* Release */ = {
			isa = XCBuildConfiguration;
			buildSettings = {
				ALWAYS_EMBED_SWIFT_STANDARD_LIBRARIES = YES;
				BUNDLE_LOADER = "$(TEST_HOST)";
				CODE_SIGN_STYLE = Automatic;
				CURRENT_PROJECT_VERSION = 1;
				DEVELOPMENT_TEAM = JZ9G56K487;
				GENERATE_INFOPLIST_FILE = YES;
				IPHONEOS_DEPLOYMENT_TARGET = 15.0;
				LD_RUNPATH_SEARCH_PATHS = (
					"$(inherited)",
					"@executable_path/Frameworks",
					"@loader_path/Frameworks",
				);
				MARKETING_VERSION = 1.0;
				PRODUCT_BUNDLE_IDENTIFIER = com.melissadbain.TimeManagementTests;
				PRODUCT_NAME = "$(TARGET_NAME)";
				SWIFT_EMIT_LOC_STRINGS = NO;
				SWIFT_VERSION = 5.0;
				TARGETED_DEVICE_FAMILY = "1,2";
				TEST_HOST = "$(BUILT_PRODUCTS_DIR)/TimeManagement.app/TimeManagement";
			};
			name = Release;
		};
		1B17070F26A71D9000BAFCD0 /* Debug */ = {
			isa = XCBuildConfiguration;
			buildSettings = {
				ALWAYS_EMBED_SWIFT_STANDARD_LIBRARIES = YES;
				CODE_SIGN_STYLE = Automatic;
				CURRENT_PROJECT_VERSION = 1;
				DEVELOPMENT_TEAM = JZ9G56K487;
				GENERATE_INFOPLIST_FILE = YES;
				LD_RUNPATH_SEARCH_PATHS = (
					"$(inherited)",
					"@executable_path/Frameworks",
					"@loader_path/Frameworks",
				);
				MARKETING_VERSION = 1.0;
				PRODUCT_BUNDLE_IDENTIFIER = com.melissadbain.TimeManagementUITests;
				PRODUCT_NAME = "$(TARGET_NAME)";
				SWIFT_EMIT_LOC_STRINGS = NO;
				SWIFT_VERSION = 5.0;
				TARGETED_DEVICE_FAMILY = "1,2";
				TEST_TARGET_NAME = TimeManagement;
			};
			name = Debug;
		};
		1B17071026A71D9000BAFCD0 /* Release */ = {
			isa = XCBuildConfiguration;
			buildSettings = {
				ALWAYS_EMBED_SWIFT_STANDARD_LIBRARIES = YES;
				CODE_SIGN_STYLE = Automatic;
				CURRENT_PROJECT_VERSION = 1;
				DEVELOPMENT_TEAM = JZ9G56K487;
				GENERATE_INFOPLIST_FILE = YES;
				LD_RUNPATH_SEARCH_PATHS = (
					"$(inherited)",
					"@executable_path/Frameworks",
					"@loader_path/Frameworks",
				);
				MARKETING_VERSION = 1.0;
				PRODUCT_BUNDLE_IDENTIFIER = com.melissadbain.TimeManagementUITests;
				PRODUCT_NAME = "$(TARGET_NAME)";
				SWIFT_EMIT_LOC_STRINGS = NO;
				SWIFT_VERSION = 5.0;
				TARGETED_DEVICE_FAMILY = "1,2";
				TEST_TARGET_NAME = TimeManagement;
			};
			name = Release;
		};
/* End XCBuildConfiguration section */

/* Begin XCConfigurationList section */
		1B1706DC26A71D8E00BAFCD0 /* Build configuration list for PBXProject "TimeManagement" */ = {
			isa = XCConfigurationList;
			buildConfigurations = (
				1B17070626A71D9000BAFCD0 /* Debug */,
				1B17070726A71D9000BAFCD0 /* Release */,
			);
			defaultConfigurationIsVisible = 0;
			defaultConfigurationName = Release;
		};
		1B17070826A71D9000BAFCD0 /* Build configuration list for PBXNativeTarget "TimeManagement" */ = {
			isa = XCConfigurationList;
			buildConfigurations = (
				1B17070926A71D9000BAFCD0 /* Debug */,
				1B17070A26A71D9000BAFCD0 /* Release */,
			);
			defaultConfigurationIsVisible = 0;
			defaultConfigurationName = Release;
		};
		1B17070B26A71D9000BAFCD0 /* Build configuration list for PBXNativeTarget "TimeManagementTests" */ = {
			isa = XCConfigurationList;
			buildConfigurations = (
				1B17070C26A71D9000BAFCD0 /* Debug */,
				1B17070D26A71D9000BAFCD0 /* Release */,
			);
			defaultConfigurationIsVisible = 0;
			defaultConfigurationName = Release;
		};
		1B17070E26A71D9000BAFCD0 /* Build configuration list for PBXNativeTarget "TimeManagementUITests" */ = {
			isa = XCConfigurationList;
			buildConfigurations = (
				1B17070F26A71D9000BAFCD0 /* Debug */,
				1B17071026A71D9000BAFCD0 /* Release */,
			);
			defaultConfigurationIsVisible = 0;
			defaultConfigurationName = Release;
		};
/* End XCConfigurationList section */

/* Begin XCVersionGroup section */
		1B1706EF26A71D8F00BAFCD0 /* TimeManagement.xcdatamodeld */ = {
			isa = XCVersionGroup;
			children = (
				1B1706F026A71D8F00BAFCD0 /* TimeManagement.xcdatamodel */,
			);
			currentVersion = 1B1706F026A71D8F00BAFCD0 /* TimeManagement.xcdatamodel */;
			path = TimeManagement.xcdatamodeld;
			sourceTree = "<group>";
			versionGroupType = wrapper.xcdatamodel;
		};
/* End XCVersionGroup section */
	};
	rootObject = 1B1706D926A71D8E00BAFCD0 /* Project object */;
}
